
Microsoft Visual Studio Solution File, Format Version 12.00
# Visual Studio Version 17
VisualStudioVersion = 17.9.34728.123
MinimumVisualStudioVersion = 10.0.40219.1
Project("{FAE04EC0-301F-11D3-BF4B-00C04F79EFBC}") = "APIGitHubAction", "APIGitHubAction\APIGitHubAction.csproj", "{99AB7712-FE0C-482F-8DDF-FFA08A14D789}"
EndProject
Global
	GlobalSection(SolutionConfigurationPlatforms) = preSolution
		Debug|Any CPU = Debug|Any CPU
		Release|Any CPU = Release|Any CPU
	EndGlobalSection
	GlobalSection(ProjectConfigurationPlatforms) = postSolution
		{99AB7712-FE0C-482F-8DDF-FFA08A14D789}.Debug|Any CPU.ActiveCfg = Debug|Any CPU
		{99AB7712-FE0C-482F-8DDF-FFA08A14D789}.Debug|Any CPU.Build.0 = Debug|Any CPU
		{99AB7712-FE0C-482F-8DDF-FFA08A14D789}.Release|Any CPU.ActiveCfg = Release|Any CPU
		{99AB7712-FE0C-482F-8DDF-FFA08A14D789}.Release|Any CPU.Build.0 = Release|Any CPU
	EndGlobalSection
	GlobalSection(SolutionProperties) = preSolution
		HideSolutionNode = FALSE
	EndGlobalSection
	GlobalSection(ExtensibilityGlobals) = postSolution
		SolutionGuid = {7955FB6E-1BE1-4008-B296-975723F718FC}
	EndGlobalSection
EndGlobal
